
Microsoft Visual Studio Solution File, Format Version 12.00
# Visual Studio 14
VisualStudioVersion = 14.0.25123.0
MinimumVisualStudioVersion = 10.0.40219.1
Project("{8BB2217D-0F2D-49D1-97BC-3654ED321F3B}") = "Holycode.configuration.tests.dotnet", "test\Holycode.Configuration.Tests.dotnet\Holycode.configuration.tests.dotnet.xproj", "{8E2A6AF0-A551-43F2-8DB0-01DECA30C26E}"
EndProject
Project("{8BB2217D-0F2D-49D1-97BC-3654ED321F3B}") = "Holycode.Configuration", "src\Holycode.Configuration\Holycode.Configuration.xproj", "{6F1368A5-8979-408C-A300-44CE88F271CA}"
EndProject
Project("{8BB2217D-0F2D-49D1-97BC-3654ED321F3B}") = "Holycode.Configuration.Tests.dnx", "test\Holycode.Configuration.Tests.dnx\Holycode.Configuration.Tests.dnx.xproj", "{3F9D1E14-4727-4686-B9E3-48D37A5F8506}"
EndProject
Project("{8BB2217D-0F2D-49D1-97BC-3654ED321F3B}") = "Holycode.Configuration.log4net", "src\Holycode.Configuration.log4net\Holycode.Configuration.log4net.xproj", "{A6663009-A463-4FC1-BFF1-02F0A51674E5}"
EndProject
Project("{8BB2217D-0F2D-49D1-97BC-3654ED321F3B}") = "Holycode.Utils.log4net", "src\Holycode.Utils.log4net\Holycode.Utils.log4net.xproj", "{96C8AC67-CF46-491E-8A16-0821598A922B}"
EndProject
Project("{2150E333-8FDC-42A3-9474-1A3956D46DE8}") = "test", "test", "{0420695C-3739-4B38-B52E-3E4F26AE191B}"
EndProject
Global
	GlobalSection(SolutionConfigurationPlatforms) = preSolution
		cmd|Any CPU = cmd|Any CPU
		Debug|Any CPU = Debug|Any CPU
		Release|Any CPU = Release|Any CPU
	EndGlobalSection
	GlobalSection(ProjectConfigurationPlatforms) = postSolution
		{8E2A6AF0-A551-43F2-8DB0-01DECA30C26E}.cmd|Any CPU.ActiveCfg = Debug|Any CPU
		{8E2A6AF0-A551-43F2-8DB0-01DECA30C26E}.cmd|Any CPU.Build.0 = Debug|Any CPU
		{8E2A6AF0-A551-43F2-8DB0-01DECA30C26E}.Debug|Any CPU.ActiveCfg = Debug|Any CPU
		{8E2A6AF0-A551-43F2-8DB0-01DECA30C26E}.Debug|Any CPU.Build.0 = Debug|Any CPU
		{8E2A6AF0-A551-43F2-8DB0-01DECA30C26E}.Release|Any CPU.ActiveCfg = Release|Any CPU
		{8E2A6AF0-A551-43F2-8DB0-01DECA30C26E}.Release|Any CPU.Build.0 = Release|Any CPU
		{6F1368A5-8979-408C-A300-44CE88F271CA}.cmd|Any CPU.ActiveCfg = cmd|Any CPU
		{6F1368A5-8979-408C-A300-44CE88F271CA}.cmd|Any CPU.Build.0 = cmd|Any CPU
		{6F1368A5-8979-408C-A300-44CE88F271CA}.Debug|Any CPU.ActiveCfg = Debug|Any CPU
		{6F1368A5-8979-408C-A300-44CE88F271CA}.Debug|Any CPU.Build.0 = Debug|Any CPU
		{6F1368A5-8979-408C-A300-44CE88F271CA}.Release|Any CPU.ActiveCfg = Release|Any CPU
		{6F1368A5-8979-408C-A300-44CE88F271CA}.Release|Any CPU.Build.0 = Release|Any CPU
		{3F9D1E14-4727-4686-B9E3-48D37A5F8506}.cmd|Any CPU.ActiveCfg = Debug|Any CPU
		{3F9D1E14-4727-4686-B9E3-48D37A5F8506}.cmd|Any CPU.Build.0 = Debug|Any CPU
		{3F9D1E14-4727-4686-B9E3-48D37A5F8506}.Debug|Any CPU.ActiveCfg = Debug|Any CPU
		{3F9D1E14-4727-4686-B9E3-48D37A5F8506}.Debug|Any CPU.Build.0 = Debug|Any CPU
		{3F9D1E14-4727-4686-B9E3-48D37A5F8506}.Release|Any CPU.ActiveCfg = Release|Any CPU
		{3F9D1E14-4727-4686-B9E3-48D37A5F8506}.Release|Any CPU.Build.0 = Release|Any CPU
		{A6663009-A463-4FC1-BFF1-02F0A51674E5}.cmd|Any CPU.ActiveCfg = Debug|Any CPU
		{A6663009-A463-4FC1-BFF1-02F0A51674E5}.cmd|Any CPU.Build.0 = Debug|Any CPU
		{A6663009-A463-4FC1-BFF1-02F0A51674E5}.Debug|Any CPU.ActiveCfg = Debug|Any CPU
		{A6663009-A463-4FC1-BFF1-02F0A51674E5}.Debug|Any CPU.Build.0 = Debug|Any CPU
		{A6663009-A463-4FC1-BFF1-02F0A51674E5}.Release|Any CPU.ActiveCfg = Release|Any CPU
		{A6663009-A463-4FC1-BFF1-02F0A51674E5}.Release|Any CPU.Build.0 = Release|Any CPU
		{96C8AC67-CF46-491E-8A16-0821598A922B}.cmd|Any CPU.ActiveCfg = Debug|Any CPU
		{96C8AC67-CF46-491E-8A16-0821598A922B}.cmd|Any CPU.Build.0 = Debug|Any CPU
		{96C8AC67-CF46-491E-8A16-0821598A922B}.Debug|Any CPU.ActiveCfg = Debug|Any CPU
		{96C8AC67-CF46-491E-8A16-0821598A922B}.Debug|Any CPU.Build.0 = Debug|Any CPU
		{96C8AC67-CF46-491E-8A16-0821598A922B}.Release|Any CPU.ActiveCfg = Release|Any CPU
		{96C8AC67-CF46-491E-8A16-0821598A922B}.Release|Any CPU.Build.0 = Release|Any CPU
	EndGlobalSection
	GlobalSection(SolutionProperties) = preSolution
		HideSolutionNode = FALSE
	EndGlobalSection
	GlobalSection(NestedProjects) = preSolution
		{8E2A6AF0-A551-43F2-8DB0-01DECA30C26E} = {0420695C-3739-4B38-B52E-3E4F26AE191B}
		{3F9D1E14-4727-4686-B9E3-48D37A5F8506} = {0420695C-3739-4B38-B52E-3E4F26AE191B}
	EndGlobalSection
EndGlobal
