
Microsoft Visual Studio Solution File, Format Version 12.00
# Visual Studio 14
VisualStudioVersion = 14.0.25420.1
MinimumVisualStudioVersion = 10.0.40219.1
Project("{2150E333-8FDC-42A3-9474-1A3956D46DE8}") = "test", "test", "{0420695C-3739-4B38-B52E-3E4F26AE191B}"
EndProject
Project("{8BB2217D-0F2D-49D1-97BC-3654ED321F3B}") = "Holycode.Configuration.log4net.Tests", "test\Holycode.Configuration.log4net.Tests\Holycode.Configuration.log4net.Tests.xproj", "{2B511D73-6B17-49EC-A517-C52EC62A9FFF}"
EndProject
Project("{8BB2217D-0F2D-49D1-97BC-3654ED321F3B}") = "Holycode.Configuration.Tests.dotnet", "test\Holycode.Configuration.Tests.dotnet\Holycode.Configuration.Tests.dotnet.xproj", "{5EA54A57-CE83-4098-BA87-D6D5BBF4F7A6}"
EndProject
Global
	GlobalSection(SolutionConfigurationPlatforms) = preSolution
		Debug|Any CPU = Debug|Any CPU
		Release|Any CPU = Release|Any CPU
	EndGlobalSection
	GlobalSection(ProjectConfigurationPlatforms) = postSolution
		{2B511D73-6B17-49EC-A517-C52EC62A9FFF}.Debug|Any CPU.ActiveCfg = Debug|Any CPU
		{2B511D73-6B17-49EC-A517-C52EC62A9FFF}.Debug|Any CPU.Build.0 = Debug|Any CPU
		{2B511D73-6B17-49EC-A517-C52EC62A9FFF}.Release|Any CPU.ActiveCfg = Release|Any CPU
		{2B511D73-6B17-49EC-A517-C52EC62A9FFF}.Release|Any CPU.Build.0 = Release|Any CPU
		{5EA54A57-CE83-4098-BA87-D6D5BBF4F7A6}.Debug|Any CPU.ActiveCfg = Debug|Any CPU
		{5EA54A57-CE83-4098-BA87-D6D5BBF4F7A6}.Debug|Any CPU.Build.0 = Debug|Any CPU
		{5EA54A57-CE83-4098-BA87-D6D5BBF4F7A6}.Release|Any CPU.ActiveCfg = Release|Any CPU
		{5EA54A57-CE83-4098-BA87-D6D5BBF4F7A6}.Release|Any CPU.Build.0 = Release|Any CPU
	EndGlobalSection
	GlobalSection(SolutionProperties) = preSolution
		HideSolutionNode = FALSE
	EndGlobalSection
	GlobalSection(NestedProjects) = preSolution
		{2B511D73-6B17-49EC-A517-C52EC62A9FFF} = {0420695C-3739-4B38-B52E-3E4F26AE191B}
		{5EA54A57-CE83-4098-BA87-D6D5BBF4F7A6} = {0420695C-3739-4B38-B52E-3E4F26AE191B}
	EndGlobalSection
EndGlobal
