
Microsoft Visual Studio Solution File, Format Version 12.00
# Visual Studio 14
VisualStudioVersion = 14.0.25420.1
MinimumVisualStudioVersion = 10.0.40219.1
Project("{8BB2217D-0F2D-49D1-97BC-3654ED321F3B}") = "Holycode.configuration.tests.dotnet", "test\Holycode.Configuration.Tests.dotnet\Holycode.configuration.tests.dotnet.xproj", "{8E2A6AF0-A551-43F2-8DB0-01DECA30C26E}"
EndProject
Project("{2150E333-8FDC-42A3-9474-1A3956D46DE8}") = "test", "test", "{0420695C-3739-4B38-B52E-3E4F26AE191B}"
EndProject
Project("{8BB2217D-0F2D-49D1-97BC-3654ED321F3B}") = "Holycode.Configuration.log4net", "src\Holycode.Configuration.log4net\Holycode.Configuration.log4net.xproj", "{76D9B7DA-8118-4A4C-BEBB-51A271C5D0FB}"
EndProject
Project("{8BB2217D-0F2D-49D1-97BC-3654ED321F3B}") = "Holycode.Utils.log4net", "src\Holycode.Utils.log4net\Holycode.Utils.log4net.xproj", "{2E63ED3E-C1A9-4D6E-A481-E3CEA98D20BD}"
EndProject
Project("{8BB2217D-0F2D-49D1-97BC-3654ED321F3B}") = "Holycode.Configuration", "src\Holycode.Configuration\Holycode.Configuration.xproj", "{10B8019C-FC26-4AD5-ACA8-0274DDC610B0}"
EndProject
Global
	GlobalSection(SolutionConfigurationPlatforms) = preSolution
		cmd|Any CPU = cmd|Any CPU
		Debug|Any CPU = Debug|Any CPU
		Release|Any CPU = Release|Any CPU
	EndGlobalSection
	GlobalSection(ProjectConfigurationPlatforms) = postSolution
		{8E2A6AF0-A551-43F2-8DB0-01DECA30C26E}.cmd|Any CPU.ActiveCfg = Debug|Any CPU
		{8E2A6AF0-A551-43F2-8DB0-01DECA30C26E}.cmd|Any CPU.Build.0 = Debug|Any CPU
		{8E2A6AF0-A551-43F2-8DB0-01DECA30C26E}.Debug|Any CPU.ActiveCfg = Debug|Any CPU
		{8E2A6AF0-A551-43F2-8DB0-01DECA30C26E}.Debug|Any CPU.Build.0 = Debug|Any CPU
		{8E2A6AF0-A551-43F2-8DB0-01DECA30C26E}.Release|Any CPU.ActiveCfg = Release|Any CPU
		{8E2A6AF0-A551-43F2-8DB0-01DECA30C26E}.Release|Any CPU.Build.0 = Release|Any CPU
		{76D9B7DA-8118-4A4C-BEBB-51A271C5D0FB}.cmd|Any CPU.ActiveCfg = Debug|Any CPU
		{76D9B7DA-8118-4A4C-BEBB-51A271C5D0FB}.cmd|Any CPU.Build.0 = Debug|Any CPU
		{76D9B7DA-8118-4A4C-BEBB-51A271C5D0FB}.Debug|Any CPU.ActiveCfg = Debug|Any CPU
		{76D9B7DA-8118-4A4C-BEBB-51A271C5D0FB}.Debug|Any CPU.Build.0 = Debug|Any CPU
		{76D9B7DA-8118-4A4C-BEBB-51A271C5D0FB}.Release|Any CPU.ActiveCfg = Release|Any CPU
		{76D9B7DA-8118-4A4C-BEBB-51A271C5D0FB}.Release|Any CPU.Build.0 = Release|Any CPU
		{2E63ED3E-C1A9-4D6E-A481-E3CEA98D20BD}.cmd|Any CPU.ActiveCfg = Debug|Any CPU
		{2E63ED3E-C1A9-4D6E-A481-E3CEA98D20BD}.cmd|Any CPU.Build.0 = Debug|Any CPU
		{2E63ED3E-C1A9-4D6E-A481-E3CEA98D20BD}.Debug|Any CPU.ActiveCfg = Debug|Any CPU
		{2E63ED3E-C1A9-4D6E-A481-E3CEA98D20BD}.Debug|Any CPU.Build.0 = Debug|Any CPU
		{2E63ED3E-C1A9-4D6E-A481-E3CEA98D20BD}.Release|Any CPU.ActiveCfg = Release|Any CPU
		{2E63ED3E-C1A9-4D6E-A481-E3CEA98D20BD}.Release|Any CPU.Build.0 = Release|Any CPU
		{10B8019C-FC26-4AD5-ACA8-0274DDC610B0}.cmd|Any CPU.ActiveCfg = cmd|Any CPU
		{10B8019C-FC26-4AD5-ACA8-0274DDC610B0}.cmd|Any CPU.Build.0 = cmd|Any CPU
		{10B8019C-FC26-4AD5-ACA8-0274DDC610B0}.Debug|Any CPU.ActiveCfg = Debug|Any CPU
		{10B8019C-FC26-4AD5-ACA8-0274DDC610B0}.Debug|Any CPU.Build.0 = Debug|Any CPU
		{10B8019C-FC26-4AD5-ACA8-0274DDC610B0}.Release|Any CPU.ActiveCfg = Release|Any CPU
		{10B8019C-FC26-4AD5-ACA8-0274DDC610B0}.Release|Any CPU.Build.0 = Release|Any CPU
	EndGlobalSection
	GlobalSection(SolutionProperties) = preSolution
		HideSolutionNode = FALSE
	EndGlobalSection
	GlobalSection(NestedProjects) = preSolution
		{8E2A6AF0-A551-43F2-8DB0-01DECA30C26E} = {0420695C-3739-4B38-B52E-3E4F26AE191B}
	EndGlobalSection
EndGlobal
